// !$*UTF8*$!
{
	archiveVersion = 1;
	classes = {
	};
	objectVersion = 56;
	objects = {

/* Begin PBXBuildFile section */
		415699D12BC0D18F005F9DE7 /* FirstScreenView.swift in Sources */ = {isa = PBXBuildFile; fileRef = 415699C82BC0D18F005F9DE7 /* FirstScreenView.swift */; };
		415699D22BC0D18F005F9DE7 /* TableViewContactsCell.swift in Sources */ = {isa = PBXBuildFile; fileRef = 415699C92BC0D18F005F9DE7 /* TableViewContactsCell.swift */; };
		415699D32BC0D18F005F9DE7 /* MyPlansViewController.swift in Sources */ = {isa = PBXBuildFile; fileRef = 415699CA2BC0D18F005F9DE7 /* MyPlansViewController.swift */; };
		415699D42BC0D18F005F9DE7 /* ShowContactView.swift in Sources */ = {isa = PBXBuildFile; fileRef = 415699CC2BC0D18F005F9DE7 /* ShowContactView.swift */; };
		415699D52BC0D18F005F9DE7 /* ShowContactViewController.swift in Sources */ = {isa = PBXBuildFile; fileRef = 415699CD2BC0D18F005F9DE7 /* ShowContactViewController.swift */; };
		415699D62BC0D18F005F9DE7 /* Plan.swift in Sources */ = {isa = PBXBuildFile; fileRef = 415699CF2BC0D18F005F9DE7 /* Plan.swift */; };
		57020F402BC0CB37009D9369 /* AddGuestsView.swift in Sources */ = {isa = PBXBuildFile; fileRef = 57020F3C2BC0CB37009D9369 /* AddGuestsView.swift */; };
		57020F412BC0CB37009D9369 /* AddGuestsViewController.swift in Sources */ = {isa = PBXBuildFile; fileRef = 57020F3D2BC0CB37009D9369 /* AddGuestsViewController.swift */; };
		57020F422BC0CB37009D9369 /* AddPeopleTableViewCell.swift in Sources */ = {isa = PBXBuildFile; fileRef = 57020F3E2BC0CB37009D9369 /* AddPeopleTableViewCell.swift */; };
		57020F452BC0E0E6009D9369 /* ChatViewController.swift in Sources */ = {isa = PBXBuildFile; fileRef = 57020F442BC0E0E6009D9369 /* ChatViewController.swift */; };
		57020F472BC0E19B009D9369 /* ChatView.swift in Sources */ = {isa = PBXBuildFile; fileRef = 57020F462BC0E19B009D9369 /* ChatView.swift */; };
		57020F4A2BC0E1E7009D9369 /* ShowProfileView.swift in Sources */ = {isa = PBXBuildFile; fileRef = 57020F492BC0E1E7009D9369 /* ShowProfileView.swift */; };
		57020F4C2BC0E24F009D9369 /* ShowProfileViewController.swift in Sources */ = {isa = PBXBuildFile; fileRef = 57020F4B2BC0E24F009D9369 /* ShowProfileViewController.swift */; };
		57020F4F2BC0E2AB009D9369 /* EditProfileView.swift in Sources */ = {isa = PBXBuildFile; fileRef = 57020F4E2BC0E2AB009D9369 /* EditProfileView.swift */; };
		57020F512BC0E2D9009D9369 /* EditProfileController.swift in Sources */ = {isa = PBXBuildFile; fileRef = 57020F502BC0E2D9009D9369 /* EditProfileController.swift */; };
		57020F532BC0E30B009D9369 /* Utilities.swift in Sources */ = {isa = PBXBuildFile; fileRef = 57020F522BC0E30B009D9369 /* Utilities.swift */; };
		57020F552BC0E4D1009D9369 /* Contact.swift in Sources */ = {isa = PBXBuildFile; fileRef = 57020F542BC0E4D1009D9369 /* Contact.swift */; };
		9C0795002BC0C33E00AC46D5 /* DestinationTableViewCell.swift in Sources */ = {isa = PBXBuildFile; fileRef = 9C0794FC2BC0C33E00AC46D5 /* DestinationTableViewCell.swift */; };
		9C0795012BC0C33E00AC46D5 /* SearchDestinationController.swift in Sources */ = {isa = PBXBuildFile; fileRef = 9C0794FD2BC0C33E00AC46D5 /* SearchDestinationController.swift */; };
		9C0795022BC0C33E00AC46D5 /* SearchDestinationView.swift in Sources */ = {isa = PBXBuildFile; fileRef = 9C0794FE2BC0C33E00AC46D5 /* SearchDestinationView.swift */; };
		9C07950B2BC0C3A600AC46D5 /* ItineraryViewController.swift in Sources */ = {isa = PBXBuildFile; fileRef = 9C07950A2BC0C3A600AC46D5 /* ItineraryViewController.swift */; };
		9C0795112BC0CCB900AC46D5 /* RegistrationControllerViewController.swift in Sources */ = {isa = PBXBuildFile; fileRef = 9C07950D2BC0CCB900AC46D5 /* RegistrationControllerViewController.swift */; };
		9C0795122BC0CCB900AC46D5 /* RegistrationView.swift in Sources */ = {isa = PBXBuildFile; fileRef = 9C07950E2BC0CCB900AC46D5 /* RegistrationView.swift */; };
		9C0795142BC0CCB900AC46D5 /* LoginScreenView.swift in Sources */ = {isa = PBXBuildFile; fileRef = 9C0795102BC0CCB900AC46D5 /* LoginScreenView.swift */; };
		A54243572BAE3C5800189102 /* AppDelegate.swift in Sources */ = {isa = PBXBuildFile; fileRef = A54243562BAE3C5800189102 /* AppDelegate.swift */; };
		A54243592BAE3C5800189102 /* SceneDelegate.swift in Sources */ = {isa = PBXBuildFile; fileRef = A54243582BAE3C5800189102 /* SceneDelegate.swift */; };
		A542435B2BAE3C5800189102 /* ViewController.swift in Sources */ = {isa = PBXBuildFile; fileRef = A542435A2BAE3C5800189102 /* ViewController.swift */; };
		A542435E2BAE3C5800189102 /* Base in Resources */ = {isa = PBXBuildFile; fileRef = A542435D2BAE3C5800189102 /* Base */; };
		A54243602BAE3C5900189102 /* Assets.xcassets in Resources */ = {isa = PBXBuildFile; fileRef = A542435F2BAE3C5900189102 /* Assets.xcassets */; };
		A54243632BAE3C5900189102 /* Base in Resources */ = {isa = PBXBuildFile; fileRef = A54243622BAE3C5900189102 /* Base */; };
		A56C26392BC0D65B0015B87A /* CalendarView.swift in Sources */ = {isa = PBXBuildFile; fileRef = A56C26282BC0D65B0015B87A /* CalendarView.swift */; };
		A56C263A2BC0D65B0015B87A /* CalendarViewController.swift in Sources */ = {isa = PBXBuildFile; fileRef = A56C26292BC0D65B0015B87A /* CalendarViewController.swift */; };
		A56C263B2BC0D65B0015B87A /* ChatsViewController.swift in Sources */ = {isa = PBXBuildFile; fileRef = A56C262B2BC0D65B0015B87A /* ChatsViewController.swift */; };
		A56C263C2BC0D65B0015B87A /* HomeViewController.swift in Sources */ = {isa = PBXBuildFile; fileRef = A56C262C2BC0D65B0015B87A /* HomeViewController.swift */; };
		A56C263D2BC0D65B0015B87A /* ProfileViewController.swift in Sources */ = {isa = PBXBuildFile; fileRef = A56C262D2BC0D65B0015B87A /* ProfileViewController.swift */; };
		A56C263E2BC0D65B0015B87A /* HomeView.swift in Sources */ = {isa = PBXBuildFile; fileRef = A56C262F2BC0D65B0015B87A /* HomeView.swift */; };
		A56C263F2BC0D65B0015B87A /* PlansTableViewCell.swift in Sources */ = {isa = PBXBuildFile; fileRef = A56C26302BC0D65B0015B87A /* PlansTableViewCell.swift */; };
		A56C26402BC0D65B0015B87A /* ChatsView.swift in Sources */ = {isa = PBXBuildFile; fileRef = A56C26322BC0D65B0015B87A /* ChatsView.swift */; };
		A56C26422BC0D65B0015B87A /* ProfileView.swift in Sources */ = {isa = PBXBuildFile; fileRef = A56C26342BC0D65B0015B87A /* ProfileView.swift */; };
		A56C26432BC0D65B0015B87A /* ContactInfo.swift in Sources */ = {isa = PBXBuildFile; fileRef = A56C26362BC0D65B0015B87A /* ContactInfo.swift */; };
		A56C26442BC0D65B0015B87A /* MainViewController.swift in Sources */ = {isa = PBXBuildFile; fileRef = A56C26372BC0D65B0015B87A /* MainViewController.swift */; };
		A572D0172BC632E7009DD2E5 /* FirebaseAuth in Frameworks */ = {isa = PBXBuildFile; productRef = A572D0162BC632E7009DD2E5 /* FirebaseAuth */; };
		A572D0192BC632E7009DD2E5 /* FirebaseFirestore in Frameworks */ = {isa = PBXBuildFile; productRef = A572D0182BC632E7009DD2E5 /* FirebaseFirestore */; };
		A572D01B2BC632E7009DD2E5 /* FirebaseFirestoreSwift in Frameworks */ = {isa = PBXBuildFile; productRef = A572D01A2BC632E7009DD2E5 /* FirebaseFirestoreSwift */; };
		A572D01D2BC632E7009DD2E5 /* FirebaseStorage in Frameworks */ = {isa = PBXBuildFile; productRef = A572D01C2BC632E7009DD2E5 /* FirebaseStorage */; };
		A572D01F2BC63633009DD2E5 /* GoogleService-Info.plist in Resources */ = {isa = PBXBuildFile; fileRef = A572D01E2BC63633009DD2E5 /* GoogleService-Info.plist */; };
		A572D0212BC64540009DD2E5 /* RegistrationFirebase.swift in Sources */ = {isa = PBXBuildFile; fileRef = A572D0202BC64540009DD2E5 /* RegistrationFirebase.swift */; };
/* End PBXBuildFile section */

/* Begin PBXFileReference section */
		415699C82BC0D18F005F9DE7 /* FirstScreenView.swift */ = {isa = PBXFileReference; fileEncoding = 4; lastKnownFileType = sourcecode.swift; path = FirstScreenView.swift; sourceTree = "<group>"; };
		415699C92BC0D18F005F9DE7 /* TableViewContactsCell.swift */ = {isa = PBXFileReference; fileEncoding = 4; lastKnownFileType = sourcecode.swift; path = TableViewContactsCell.swift; sourceTree = "<group>"; };
		415699CA2BC0D18F005F9DE7 /* MyPlansViewController.swift */ = {isa = PBXFileReference; fileEncoding = 4; lastKnownFileType = sourcecode.swift; path = MyPlansViewController.swift; sourceTree = "<group>"; };
		415699CC2BC0D18F005F9DE7 /* ShowContactView.swift */ = {isa = PBXFileReference; fileEncoding = 4; lastKnownFileType = sourcecode.swift; path = ShowContactView.swift; sourceTree = "<group>"; };
		415699CD2BC0D18F005F9DE7 /* ShowContactViewController.swift */ = {isa = PBXFileReference; fileEncoding = 4; lastKnownFileType = sourcecode.swift; path = ShowContactViewController.swift; sourceTree = "<group>"; };
		415699CF2BC0D18F005F9DE7 /* Plan.swift */ = {isa = PBXFileReference; fileEncoding = 4; lastKnownFileType = sourcecode.swift; path = Plan.swift; sourceTree = "<group>"; };
		57020F3C2BC0CB37009D9369 /* AddGuestsView.swift */ = {isa = PBXFileReference; fileEncoding = 4; lastKnownFileType = sourcecode.swift; path = AddGuestsView.swift; sourceTree = "<group>"; };
		57020F3D2BC0CB37009D9369 /* AddGuestsViewController.swift */ = {isa = PBXFileReference; fileEncoding = 4; lastKnownFileType = sourcecode.swift; path = AddGuestsViewController.swift; sourceTree = "<group>"; };
		57020F3E2BC0CB37009D9369 /* AddPeopleTableViewCell.swift */ = {isa = PBXFileReference; fileEncoding = 4; lastKnownFileType = sourcecode.swift; path = AddPeopleTableViewCell.swift; sourceTree = "<group>"; };
		57020F442BC0E0E6009D9369 /* ChatViewController.swift */ = {isa = PBXFileReference; lastKnownFileType = sourcecode.swift; path = ChatViewController.swift; sourceTree = "<group>"; };
		57020F462BC0E19B009D9369 /* ChatView.swift */ = {isa = PBXFileReference; lastKnownFileType = sourcecode.swift; path = ChatView.swift; sourceTree = "<group>"; };
		57020F492BC0E1E7009D9369 /* ShowProfileView.swift */ = {isa = PBXFileReference; lastKnownFileType = sourcecode.swift; path = ShowProfileView.swift; sourceTree = "<group>"; };
		57020F4B2BC0E24F009D9369 /* ShowProfileViewController.swift */ = {isa = PBXFileReference; lastKnownFileType = sourcecode.swift; path = ShowProfileViewController.swift; sourceTree = "<group>"; };
		57020F4E2BC0E2AB009D9369 /* EditProfileView.swift */ = {isa = PBXFileReference; lastKnownFileType = sourcecode.swift; path = EditProfileView.swift; sourceTree = "<group>"; };
		57020F502BC0E2D9009D9369 /* EditProfileController.swift */ = {isa = PBXFileReference; lastKnownFileType = sourcecode.swift; path = EditProfileController.swift; sourceTree = "<group>"; };
		57020F522BC0E30B009D9369 /* Utilities.swift */ = {isa = PBXFileReference; lastKnownFileType = sourcecode.swift; path = Utilities.swift; sourceTree = "<group>"; };
		57020F542BC0E4D1009D9369 /* Contact.swift */ = {isa = PBXFileReference; lastKnownFileType = sourcecode.swift; path = Contact.swift; sourceTree = "<group>"; };
		9C0794FC2BC0C33E00AC46D5 /* DestinationTableViewCell.swift */ = {isa = PBXFileReference; fileEncoding = 4; lastKnownFileType = sourcecode.swift; path = DestinationTableViewCell.swift; sourceTree = "<group>"; };
		9C0794FD2BC0C33E00AC46D5 /* SearchDestinationController.swift */ = {isa = PBXFileReference; fileEncoding = 4; lastKnownFileType = sourcecode.swift; path = SearchDestinationController.swift; sourceTree = "<group>"; };
		9C0794FE2BC0C33E00AC46D5 /* SearchDestinationView.swift */ = {isa = PBXFileReference; fileEncoding = 4; lastKnownFileType = sourcecode.swift; path = SearchDestinationView.swift; sourceTree = "<group>"; };
		9C07950A2BC0C3A600AC46D5 /* ItineraryViewController.swift */ = {isa = PBXFileReference; lastKnownFileType = sourcecode.swift; path = ItineraryViewController.swift; sourceTree = "<group>"; };
		9C07950D2BC0CCB900AC46D5 /* RegistrationControllerViewController.swift */ = {isa = PBXFileReference; fileEncoding = 4; lastKnownFileType = sourcecode.swift; path = RegistrationControllerViewController.swift; sourceTree = "<group>"; };
		9C07950E2BC0CCB900AC46D5 /* RegistrationView.swift */ = {isa = PBXFileReference; fileEncoding = 4; lastKnownFileType = sourcecode.swift; path = RegistrationView.swift; sourceTree = "<group>"; };
		9C0795102BC0CCB900AC46D5 /* LoginScreenView.swift */ = {isa = PBXFileReference; fileEncoding = 4; lastKnownFileType = sourcecode.swift; path = LoginScreenView.swift; sourceTree = "<group>"; };
		A54243532BAE3C5800189102 /* WanderlustAppiOS.app */ = {isa = PBXFileReference; explicitFileType = wrapper.application; includeInIndex = 0; path = WanderlustAppiOS.app; sourceTree = BUILT_PRODUCTS_DIR; };
		A54243562BAE3C5800189102 /* AppDelegate.swift */ = {isa = PBXFileReference; lastKnownFileType = sourcecode.swift; path = AppDelegate.swift; sourceTree = "<group>"; };
		A54243582BAE3C5800189102 /* SceneDelegate.swift */ = {isa = PBXFileReference; lastKnownFileType = sourcecode.swift; path = SceneDelegate.swift; sourceTree = "<group>"; };
		A542435A2BAE3C5800189102 /* ViewController.swift */ = {isa = PBXFileReference; lastKnownFileType = sourcecode.swift; path = ViewController.swift; sourceTree = "<group>"; };
		A542435D2BAE3C5800189102 /* Base */ = {isa = PBXFileReference; lastKnownFileType = file.storyboard; name = Base; path = Base.lproj/Main.storyboard; sourceTree = "<group>"; };
		A542435F2BAE3C5900189102 /* Assets.xcassets */ = {isa = PBXFileReference; lastKnownFileType = folder.assetcatalog; path = Assets.xcassets; sourceTree = "<group>"; };
		A54243622BAE3C5900189102 /* Base */ = {isa = PBXFileReference; lastKnownFileType = file.storyboard; name = Base; path = Base.lproj/LaunchScreen.storyboard; sourceTree = "<group>"; };
		A54243642BAE3C5900189102 /* Info.plist */ = {isa = PBXFileReference; lastKnownFileType = text.plist.xml; path = Info.plist; sourceTree = "<group>"; };
		A56C26282BC0D65B0015B87A /* CalendarView.swift */ = {isa = PBXFileReference; fileEncoding = 4; lastKnownFileType = sourcecode.swift; path = CalendarView.swift; sourceTree = "<group>"; };
		A56C26292BC0D65B0015B87A /* CalendarViewController.swift */ = {isa = PBXFileReference; fileEncoding = 4; lastKnownFileType = sourcecode.swift; path = CalendarViewController.swift; sourceTree = "<group>"; };
		A56C262B2BC0D65B0015B87A /* ChatsViewController.swift */ = {isa = PBXFileReference; fileEncoding = 4; lastKnownFileType = sourcecode.swift; path = ChatsViewController.swift; sourceTree = "<group>"; };
		A56C262C2BC0D65B0015B87A /* HomeViewController.swift */ = {isa = PBXFileReference; fileEncoding = 4; lastKnownFileType = sourcecode.swift; path = HomeViewController.swift; sourceTree = "<group>"; };
		A56C262D2BC0D65B0015B87A /* ProfileViewController.swift */ = {isa = PBXFileReference; fileEncoding = 4; lastKnownFileType = sourcecode.swift; path = ProfileViewController.swift; sourceTree = "<group>"; };
		A56C262F2BC0D65B0015B87A /* HomeView.swift */ = {isa = PBXFileReference; fileEncoding = 4; lastKnownFileType = sourcecode.swift; path = HomeView.swift; sourceTree = "<group>"; };
		A56C26302BC0D65B0015B87A /* PlansTableViewCell.swift */ = {isa = PBXFileReference; fileEncoding = 4; lastKnownFileType = sourcecode.swift; path = PlansTableViewCell.swift; sourceTree = "<group>"; };
		A56C26322BC0D65B0015B87A /* ChatsView.swift */ = {isa = PBXFileReference; fileEncoding = 4; lastKnownFileType = sourcecode.swift; path = ChatsView.swift; sourceTree = "<group>"; };
		A56C26342BC0D65B0015B87A /* ProfileView.swift */ = {isa = PBXFileReference; fileEncoding = 4; lastKnownFileType = sourcecode.swift; path = ProfileView.swift; sourceTree = "<group>"; };
		A56C26362BC0D65B0015B87A /* ContactInfo.swift */ = {isa = PBXFileReference; fileEncoding = 4; lastKnownFileType = sourcecode.swift; path = ContactInfo.swift; sourceTree = "<group>"; };
		A56C26372BC0D65B0015B87A /* MainViewController.swift */ = {isa = PBXFileReference; fileEncoding = 4; lastKnownFileType = sourcecode.swift; path = MainViewController.swift; sourceTree = "<group>"; };
		A572D01E2BC63633009DD2E5 /* GoogleService-Info.plist */ = {isa = PBXFileReference; fileEncoding = 4; lastKnownFileType = text.plist.xml; name = "GoogleService-Info.plist"; path = "WanderlustAppiOS/GoogleService-Info.plist"; sourceTree = "<group>"; };
		A572D0202BC64540009DD2E5 /* RegistrationFirebase.swift */ = {isa = PBXFileReference; lastKnownFileType = sourcecode.swift; path = RegistrationFirebase.swift; sourceTree = "<group>"; };
/* End PBXFileReference section */

/* Begin PBXFrameworksBuildPhase section */
		A54243502BAE3C5800189102 /* Frameworks */ = {
			isa = PBXFrameworksBuildPhase;
			buildActionMask = 2147483647;
			files = (
				A572D0172BC632E7009DD2E5 /* FirebaseAuth in Frameworks */,
				A572D01D2BC632E7009DD2E5 /* FirebaseStorage in Frameworks */,
				A572D0192BC632E7009DD2E5 /* FirebaseFirestore in Frameworks */,
				A572D01B2BC632E7009DD2E5 /* FirebaseFirestoreSwift in Frameworks */,
			);
			runOnlyForDeploymentPostprocessing = 0;
		};
/* End PBXFrameworksBuildPhase section */

/* Begin PBXGroup section */
		415699CB2BC0D18F005F9DE7 /* My Plans */ = {
			isa = PBXGroup;
			children = (
				415699C82BC0D18F005F9DE7 /* FirstScreenView.swift */,
				415699C92BC0D18F005F9DE7 /* TableViewContactsCell.swift */,
				415699CA2BC0D18F005F9DE7 /* MyPlansViewController.swift */,
			);
			path = "My Plans";
			sourceTree = "<group>";
		};
		415699CE2BC0D18F005F9DE7 /* Plan Summary */ = {
			isa = PBXGroup;
			children = (
				415699CC2BC0D18F005F9DE7 /* ShowContactView.swift */,
				415699CD2BC0D18F005F9DE7 /* ShowContactViewController.swift */,
			);
			path = "Plan Summary";
			sourceTree = "<group>";
		};
		415699D02BC0D18F005F9DE7 /* Data models */ = {
			isa = PBXGroup;
			children = (
				415699CF2BC0D18F005F9DE7 /* Plan.swift */,
				57020F542BC0E4D1009D9369 /* Contact.swift */,
			);
			path = "Data models";
			sourceTree = "<group>";
		};
		57020F3F2BC0CB37009D9369 /* Add_Guests */ = {
			isa = PBXGroup;
			children = (
				57020F3C2BC0CB37009D9369 /* AddGuestsView.swift */,
				57020F3D2BC0CB37009D9369 /* AddGuestsViewController.swift */,
				57020F3E2BC0CB37009D9369 /* AddPeopleTableViewCell.swift */,
			);
			path = Add_Guests;
			sourceTree = "<group>";
		};
		57020F432BC0E0CE009D9369 /* Chat Feature */ = {
			isa = PBXGroup;
			children = (
				57020F442BC0E0E6009D9369 /* ChatViewController.swift */,
				57020F462BC0E19B009D9369 /* ChatView.swift */,
			);
			path = "Chat Feature";
			sourceTree = "<group>";
		};
		57020F482BC0E1C3009D9369 /* My Profile */ = {
			isa = PBXGroup;
			children = (
				57020F492BC0E1E7009D9369 /* ShowProfileView.swift */,
				57020F4B2BC0E24F009D9369 /* ShowProfileViewController.swift */,
			);
			path = "My Profile";
			sourceTree = "<group>";
		};
		57020F4D2BC0E26E009D9369 /* Edit Profile */ = {
			isa = PBXGroup;
			children = (
				57020F4E2BC0E2AB009D9369 /* EditProfileView.swift */,
				57020F502BC0E2D9009D9369 /* EditProfileController.swift */,
				57020F522BC0E30B009D9369 /* Utilities.swift */,
			);
			path = "Edit Profile";
			sourceTree = "<group>";
		};
		9C0794FF2BC0C33E00AC46D5 /* Search Destination */ = {
			isa = PBXGroup;
			children = (
				9C0794FC2BC0C33E00AC46D5 /* DestinationTableViewCell.swift */,
				9C0794FD2BC0C33E00AC46D5 /* SearchDestinationController.swift */,
				9C0794FE2BC0C33E00AC46D5 /* SearchDestinationView.swift */,
			);
			path = "Search Destination";
			sourceTree = "<group>";
		};
		9C07950C2BC0C3B500AC46D5 /* Itinerary Screen */ = {
			isa = PBXGroup;
			children = (
				9C07950A2BC0C3A600AC46D5 /* ItineraryViewController.swift */,
			);
			path = "Itinerary Screen";
			sourceTree = "<group>";
		};
		9C0795152BC0CCC300AC46D5 /* Registration Screen */ = {
			isa = PBXGroup;
			children = (
				9C07950D2BC0CCB900AC46D5 /* RegistrationControllerViewController.swift */,
				9C07950E2BC0CCB900AC46D5 /* RegistrationView.swift */,
				A572D0202BC64540009DD2E5 /* RegistrationFirebase.swift */,
			);
			path = "Registration Screen";
			sourceTree = "<group>";
		};
		9C0795162BC0CCD100AC46D5 /* Login Screen */ = {
			isa = PBXGroup;
			children = (
				9C0795102BC0CCB900AC46D5 /* LoginScreenView.swift */,
			);
			path = "Login Screen";
			sourceTree = "<group>";
		};
		A542434A2BAE3C5700189102 = {
			isa = PBXGroup;
			children = (
				A572D01E2BC63633009DD2E5 /* GoogleService-Info.plist */,
				A54243552BAE3C5800189102 /* WanderlustAppiOS */,
				A54243542BAE3C5800189102 /* Products */,
			);
			sourceTree = "<group>";
		};
		A54243542BAE3C5800189102 /* Products */ = {
			isa = PBXGroup;
			children = (
				A54243532BAE3C5800189102 /* WanderlustAppiOS.app */,
			);
			name = Products;
			sourceTree = "<group>";
		};
		A54243552BAE3C5800189102 /* WanderlustAppiOS */ = {
			isa = PBXGroup;
			children = (
				57020F4D2BC0E26E009D9369 /* Edit Profile */,
				57020F482BC0E1C3009D9369 /* My Profile */,
				57020F432BC0E0CE009D9369 /* Chat Feature */,
				A56C262A2BC0D65B0015B87A /* Calendar Screen */,
				A56C26382BC0D65B0015B87A /* Main Screen View */,
				415699D02BC0D18F005F9DE7 /* Data models */,
				415699CB2BC0D18F005F9DE7 /* My Plans */,
				415699CE2BC0D18F005F9DE7 /* Plan Summary */,
				9C0795162BC0CCD100AC46D5 /* Login Screen */,
				9C0795152BC0CCC300AC46D5 /* Registration Screen */,
				57020F3F2BC0CB37009D9369 /* Add_Guests */,
				9C07950C2BC0C3B500AC46D5 /* Itinerary Screen */,
				9C0794FF2BC0C33E00AC46D5 /* Search Destination */,
				A54243562BAE3C5800189102 /* AppDelegate.swift */,
				A54243582BAE3C5800189102 /* SceneDelegate.swift */,
				A542435A2BAE3C5800189102 /* ViewController.swift */,
				A542435C2BAE3C5800189102 /* Main.storyboard */,
				A542435F2BAE3C5900189102 /* Assets.xcassets */,
				A54243612BAE3C5900189102 /* LaunchScreen.storyboard */,
				A54243642BAE3C5900189102 /* Info.plist */,
			);
			path = WanderlustAppiOS;
			sourceTree = "<group>";
		};
		A56C262A2BC0D65B0015B87A /* Calendar Screen */ = {
			isa = PBXGroup;
			children = (
				A56C26282BC0D65B0015B87A /* CalendarView.swift */,
				A56C26292BC0D65B0015B87A /* CalendarViewController.swift */,
			);
			path = "Calendar Screen";
			sourceTree = "<group>";
		};
		A56C262E2BC0D65B0015B87A /* Tab View Controllers */ = {
			isa = PBXGroup;
			children = (
				A56C262B2BC0D65B0015B87A /* ChatsViewController.swift */,
				A56C262C2BC0D65B0015B87A /* HomeViewController.swift */,
				A56C262D2BC0D65B0015B87A /* ProfileViewController.swift */,
			);
			path = "Tab View Controllers";
			sourceTree = "<group>";
		};
		A56C26312BC0D65B0015B87A /* Home View */ = {
			isa = PBXGroup;
			children = (
				A56C262F2BC0D65B0015B87A /* HomeView.swift */,
				A56C26302BC0D65B0015B87A /* PlansTableViewCell.swift */,
			);
			path = "Home View";
			sourceTree = "<group>";
		};
		A56C26352BC0D65B0015B87A /* Tabs Views */ = {
			isa = PBXGroup;
			children = (
				A56C26312BC0D65B0015B87A /* Home View */,
				A56C26322BC0D65B0015B87A /* ChatsView.swift */,
				A56C26342BC0D65B0015B87A /* ProfileView.swift */,
			);
			path = "Tabs Views";
			sourceTree = "<group>";
		};
		A56C26382BC0D65B0015B87A /* Main Screen View */ = {
			isa = PBXGroup;
			children = (
				A56C262E2BC0D65B0015B87A /* Tab View Controllers */,
				A56C26352BC0D65B0015B87A /* Tabs Views */,
				A56C26362BC0D65B0015B87A /* ContactInfo.swift */,
				A56C26372BC0D65B0015B87A /* MainViewController.swift */,
			);
			path = "Main Screen View";
			sourceTree = "<group>";
		};
/* End PBXGroup section */

/* Begin PBXNativeTarget section */
		A54243522BAE3C5800189102 /* WanderlustAppiOS */ = {
			isa = PBXNativeTarget;
			buildConfigurationList = A54243672BAE3C5900189102 /* Build configuration list for PBXNativeTarget "WanderlustAppiOS" */;
			buildPhases = (
				A542434F2BAE3C5800189102 /* Sources */,
				A54243502BAE3C5800189102 /* Frameworks */,
				A54243512BAE3C5800189102 /* Resources */,
			);
			buildRules = (
			);
			dependencies = (
			);
			name = WanderlustAppiOS;
			packageProductDependencies = (
				A572D0162BC632E7009DD2E5 /* FirebaseAuth */,
				A572D0182BC632E7009DD2E5 /* FirebaseFirestore */,
				A572D01A2BC632E7009DD2E5 /* FirebaseFirestoreSwift */,
				A572D01C2BC632E7009DD2E5 /* FirebaseStorage */,
			);
			productName = WanderlustAppiOS;
			productReference = A54243532BAE3C5800189102 /* WanderlustAppiOS.app */;
			productType = "com.apple.product-type.application";
		};
/* End PBXNativeTarget section */

/* Begin PBXProject section */
		A542434B2BAE3C5700189102 /* Project object */ = {
			isa = PBXProject;
			attributes = {
				BuildIndependentTargetsInParallel = 1;
				LastSwiftUpdateCheck = 1530;
				LastUpgradeCheck = 1530;
				TargetAttributes = {
					A54243522BAE3C5800189102 = {
						CreatedOnToolsVersion = 15.3;
					};
				};
			};
			buildConfigurationList = A542434E2BAE3C5700189102 /* Build configuration list for PBXProject "WanderlustAppiOS" */;
			compatibilityVersion = "Xcode 14.0";
			developmentRegion = en;
			hasScannedForEncodings = 0;
			knownRegions = (
				en,
				Base,
			);
			mainGroup = A542434A2BAE3C5700189102;
			packageReferences = (
				A572D0152BC632E7009DD2E5 /* XCRemoteSwiftPackageReference "firebase-ios-sdk" */,
			);
			productRefGroup = A54243542BAE3C5800189102 /* Products */;
			projectDirPath = "";
			projectRoot = "";
			targets = (
				A54243522BAE3C5800189102 /* WanderlustAppiOS */,
			);
		};
/* End PBXProject section */

/* Begin PBXResourcesBuildPhase section */
		A54243512BAE3C5800189102 /* Resources */ = {
			isa = PBXResourcesBuildPhase;
			buildActionMask = 2147483647;
			files = (
				A54243602BAE3C5900189102 /* Assets.xcassets in Resources */,
				A572D01F2BC63633009DD2E5 /* GoogleService-Info.plist in Resources */,
				A54243632BAE3C5900189102 /* Base in Resources */,
				A542435E2BAE3C5800189102 /* Base in Resources */,
			);
			runOnlyForDeploymentPostprocessing = 0;
		};
/* End PBXResourcesBuildPhase section */

/* Begin PBXSourcesBuildPhase section */
		A542434F2BAE3C5800189102 /* Sources */ = {
			isa = PBXSourcesBuildPhase;
			buildActionMask = 2147483647;
			files = (
				57020F4F2BC0E2AB009D9369 /* EditProfileView.swift in Sources */,
				A56C26402BC0D65B0015B87A /* ChatsView.swift in Sources */,
				9C0795012BC0C33E00AC46D5 /* SearchDestinationController.swift in Sources */,
				57020F412BC0CB37009D9369 /* AddGuestsViewController.swift in Sources */,
				9C0795022BC0C33E00AC46D5 /* SearchDestinationView.swift in Sources */,
				57020F472BC0E19B009D9369 /* ChatView.swift in Sources */,
				415699D12BC0D18F005F9DE7 /* FirstScreenView.swift in Sources */,
				415699D62BC0D18F005F9DE7 /* Plan.swift in Sources */,
				57020F4A2BC0E1E7009D9369 /* ShowProfileView.swift in Sources */,
				A56C263F2BC0D65B0015B87A /* PlansTableViewCell.swift in Sources */,
				A572D0212BC64540009DD2E5 /* RegistrationFirebase.swift in Sources */,
				A56C263B2BC0D65B0015B87A /* ChatsViewController.swift in Sources */,
				9C0795122BC0CCB900AC46D5 /* RegistrationView.swift in Sources */,
				A542435B2BAE3C5800189102 /* ViewController.swift in Sources */,
				A56C26392BC0D65B0015B87A /* CalendarView.swift in Sources */,
				A54243572BAE3C5800189102 /* AppDelegate.swift in Sources */,
				A56C263C2BC0D65B0015B87A /* HomeViewController.swift in Sources */,
				57020F532BC0E30B009D9369 /* Utilities.swift in Sources */,
				A56C26442BC0D65B0015B87A /* MainViewController.swift in Sources */,
				415699D22BC0D18F005F9DE7 /* TableViewContactsCell.swift in Sources */,
				415699D32BC0D18F005F9DE7 /* MyPlansViewController.swift in Sources */,
				57020F552BC0E4D1009D9369 /* Contact.swift in Sources */,
				9C0795002BC0C33E00AC46D5 /* DestinationTableViewCell.swift in Sources */,
				A56C263E2BC0D65B0015B87A /* HomeView.swift in Sources */,
				9C0795112BC0CCB900AC46D5 /* RegistrationControllerViewController.swift in Sources */,
				A56C263A2BC0D65B0015B87A /* CalendarViewController.swift in Sources */,
				9C0795142BC0CCB900AC46D5 /* LoginScreenView.swift in Sources */,
				9C07950B2BC0C3A600AC46D5 /* ItineraryViewController.swift in Sources */,
				A56C26422BC0D65B0015B87A /* ProfileView.swift in Sources */,
				415699D52BC0D18F005F9DE7 /* ShowContactViewController.swift in Sources */,
				A56C26432BC0D65B0015B87A /* ContactInfo.swift in Sources */,
				A54243592BAE3C5800189102 /* SceneDelegate.swift in Sources */,
				57020F512BC0E2D9009D9369 /* EditProfileController.swift in Sources */,
				57020F402BC0CB37009D9369 /* AddGuestsView.swift in Sources */,
				57020F4C2BC0E24F009D9369 /* ShowProfileViewController.swift in Sources */,
				A56C263D2BC0D65B0015B87A /* ProfileViewController.swift in Sources */,
				415699D42BC0D18F005F9DE7 /* ShowContactView.swift in Sources */,
				57020F422BC0CB37009D9369 /* AddPeopleTableViewCell.swift in Sources */,
				57020F452BC0E0E6009D9369 /* ChatViewController.swift in Sources */,
			);
			runOnlyForDeploymentPostprocessing = 0;
		};
/* End PBXSourcesBuildPhase section */

/* Begin PBXVariantGroup section */
		A542435C2BAE3C5800189102 /* Main.storyboard */ = {
			isa = PBXVariantGroup;
			children = (
				A542435D2BAE3C5800189102 /* Base */,
			);
			name = Main.storyboard;
			sourceTree = "<group>";
		};
		A54243612BAE3C5900189102 /* LaunchScreen.storyboard */ = {
			isa = PBXVariantGroup;
			children = (
				A54243622BAE3C5900189102 /* Base */,
			);
			name = LaunchScreen.storyboard;
			sourceTree = "<group>";
		};
/* End PBXVariantGroup section */

/* Begin XCBuildConfiguration section */
		A54243652BAE3C5900189102 /* Debug */ = {
			isa = XCBuildConfiguration;
			buildSettings = {
				ALWAYS_SEARCH_USER_PATHS = NO;
				ASSETCATALOG_COMPILER_GENERATE_SWIFT_ASSET_SYMBOL_EXTENSIONS = YES;
				CLANG_ANALYZER_NONNULL = YES;
				CLANG_ANALYZER_NUMBER_OBJECT_CONVERSION = YES_AGGRESSIVE;
				CLANG_CXX_LANGUAGE_STANDARD = "gnu++20";
				CLANG_ENABLE_MODULES = YES;
				CLANG_ENABLE_OBJC_ARC = YES;
				CLANG_ENABLE_OBJC_WEAK = YES;
				CLANG_WARN_BLOCK_CAPTURE_AUTORELEASING = YES;
				CLANG_WARN_BOOL_CONVERSION = YES;
				CLANG_WARN_COMMA = YES;
				CLANG_WARN_CONSTANT_CONVERSION = YES;
				CLANG_WARN_DEPRECATED_OBJC_IMPLEMENTATIONS = YES;
				CLANG_WARN_DIRECT_OBJC_ISA_USAGE = YES_ERROR;
				CLANG_WARN_DOCUMENTATION_COMMENTS = YES;
				CLANG_WARN_EMPTY_BODY = YES;
				CLANG_WARN_ENUM_CONVERSION = YES;
				CLANG_WARN_INFINITE_RECURSION = YES;
				CLANG_WARN_INT_CONVERSION = YES;
				CLANG_WARN_NON_LITERAL_NULL_CONVERSION = YES;
				CLANG_WARN_OBJC_IMPLICIT_RETAIN_SELF = YES;
				CLANG_WARN_OBJC_LITERAL_CONVERSION = YES;
				CLANG_WARN_OBJC_ROOT_CLASS = YES_ERROR;
				CLANG_WARN_QUOTED_INCLUDE_IN_FRAMEWORK_HEADER = YES;
				CLANG_WARN_RANGE_LOOP_ANALYSIS = YES;
				CLANG_WARN_STRICT_PROTOTYPES = YES;
				CLANG_WARN_SUSPICIOUS_MOVE = YES;
				CLANG_WARN_UNGUARDED_AVAILABILITY = YES_AGGRESSIVE;
				CLANG_WARN_UNREACHABLE_CODE = YES;
				CLANG_WARN__DUPLICATE_METHOD_MATCH = YES;
				COPY_PHASE_STRIP = NO;
				DEBUG_INFORMATION_FORMAT = dwarf;
				ENABLE_STRICT_OBJC_MSGSEND = YES;
				ENABLE_TESTABILITY = YES;
				ENABLE_USER_SCRIPT_SANDBOXING = YES;
				GCC_C_LANGUAGE_STANDARD = gnu17;
				GCC_DYNAMIC_NO_PIC = NO;
				GCC_NO_COMMON_BLOCKS = YES;
				GCC_OPTIMIZATION_LEVEL = 0;
				GCC_PREPROCESSOR_DEFINITIONS = (
					"DEBUG=1",
					"$(inherited)",
				);
				GCC_WARN_64_TO_32_BIT_CONVERSION = YES;
				GCC_WARN_ABOUT_RETURN_TYPE = YES_ERROR;
				GCC_WARN_UNDECLARED_SELECTOR = YES;
				GCC_WARN_UNINITIALIZED_AUTOS = YES_AGGRESSIVE;
				GCC_WARN_UNUSED_FUNCTION = YES;
				GCC_WARN_UNUSED_VARIABLE = YES;
				IPHONEOS_DEPLOYMENT_TARGET = 17.4;
				LOCALIZATION_PREFERS_STRING_CATALOGS = YES;
				MTL_ENABLE_DEBUG_INFO = INCLUDE_SOURCE;
				MTL_FAST_MATH = YES;
				ONLY_ACTIVE_ARCH = YES;
				SDKROOT = iphoneos;
				SWIFT_ACTIVE_COMPILATION_CONDITIONS = "DEBUG $(inherited)";
				SWIFT_OPTIMIZATION_LEVEL = "-Onone";
			};
			name = Debug;
		};
		A54243662BAE3C5900189102 /* Release */ = {
			isa = XCBuildConfiguration;
			buildSettings = {
				ALWAYS_SEARCH_USER_PATHS = NO;
				ASSETCATALOG_COMPILER_GENERATE_SWIFT_ASSET_SYMBOL_EXTENSIONS = YES;
				CLANG_ANALYZER_NONNULL = YES;
				CLANG_ANALYZER_NUMBER_OBJECT_CONVERSION = YES_AGGRESSIVE;
				CLANG_CXX_LANGUAGE_STANDARD = "gnu++20";
				CLANG_ENABLE_MODULES = YES;
				CLANG_ENABLE_OBJC_ARC = YES;
				CLANG_ENABLE_OBJC_WEAK = YES;
				CLANG_WARN_BLOCK_CAPTURE_AUTORELEASING = YES;
				CLANG_WARN_BOOL_CONVERSION = YES;
				CLANG_WARN_COMMA = YES;
				CLANG_WARN_CONSTANT_CONVERSION = YES;
				CLANG_WARN_DEPRECATED_OBJC_IMPLEMENTATIONS = YES;
				CLANG_WARN_DIRECT_OBJC_ISA_USAGE = YES_ERROR;
				CLANG_WARN_DOCUMENTATION_COMMENTS = YES;
				CLANG_WARN_EMPTY_BODY = YES;
				CLANG_WARN_ENUM_CONVERSION = YES;
				CLANG_WARN_INFINITE_RECURSION = YES;
				CLANG_WARN_INT_CONVERSION = YES;
				CLANG_WARN_NON_LITERAL_NULL_CONVERSION = YES;
				CLANG_WARN_OBJC_IMPLICIT_RETAIN_SELF = YES;
				CLANG_WARN_OBJC_LITERAL_CONVERSION = YES;
				CLANG_WARN_OBJC_ROOT_CLASS = YES_ERROR;
				CLANG_WARN_QUOTED_INCLUDE_IN_FRAMEWORK_HEADER = YES;
				CLANG_WARN_RANGE_LOOP_ANALYSIS = YES;
				CLANG_WARN_STRICT_PROTOTYPES = YES;
				CLANG_WARN_SUSPICIOUS_MOVE = YES;
				CLANG_WARN_UNGUARDED_AVAILABILITY = YES_AGGRESSIVE;
				CLANG_WARN_UNREACHABLE_CODE = YES;
				CLANG_WARN__DUPLICATE_METHOD_MATCH = YES;
				COPY_PHASE_STRIP = NO;
				DEBUG_INFORMATION_FORMAT = "dwarf-with-dsym";
				ENABLE_NS_ASSERTIONS = NO;
				ENABLE_STRICT_OBJC_MSGSEND = YES;
				ENABLE_USER_SCRIPT_SANDBOXING = YES;
				GCC_C_LANGUAGE_STANDARD = gnu17;
				GCC_NO_COMMON_BLOCKS = YES;
				GCC_WARN_64_TO_32_BIT_CONVERSION = YES;
				GCC_WARN_ABOUT_RETURN_TYPE = YES_ERROR;
				GCC_WARN_UNDECLARED_SELECTOR = YES;
				GCC_WARN_UNINITIALIZED_AUTOS = YES_AGGRESSIVE;
				GCC_WARN_UNUSED_FUNCTION = YES;
				GCC_WARN_UNUSED_VARIABLE = YES;
				IPHONEOS_DEPLOYMENT_TARGET = 17.4;
				LOCALIZATION_PREFERS_STRING_CATALOGS = YES;
				MTL_ENABLE_DEBUG_INFO = NO;
				MTL_FAST_MATH = YES;
				SDKROOT = iphoneos;
				SWIFT_COMPILATION_MODE = wholemodule;
				VALIDATE_PRODUCT = YES;
			};
			name = Release;
		};
		A54243682BAE3C5900189102 /* Debug */ = {
			isa = XCBuildConfiguration;
			buildSettings = {
				ASSETCATALOG_COMPILER_APPICON_NAME = AppIcon;
				ASSETCATALOG_COMPILER_GLOBAL_ACCENT_COLOR_NAME = AccentColor;
				CODE_SIGN_STYLE = Automatic;
				CURRENT_PROJECT_VERSION = 1;
				DEVELOPMENT_TEAM = R44B54UB9C;
				GENERATE_INFOPLIST_FILE = YES;
				INFOPLIST_FILE = WanderlustAppiOS/Info.plist;
				INFOPLIST_KEY_UIApplicationSupportsIndirectInputEvents = YES;
				INFOPLIST_KEY_UILaunchStoryboardName = LaunchScreen;
				INFOPLIST_KEY_UIMainStoryboardFile = Main;
				INFOPLIST_KEY_UISupportedInterfaceOrientations_iPad = "UIInterfaceOrientationPortrait UIInterfaceOrientationPortraitUpsideDown UIInterfaceOrientationLandscapeLeft UIInterfaceOrientationLandscapeRight";
				INFOPLIST_KEY_UISupportedInterfaceOrientations_iPhone = "UIInterfaceOrientationPortrait UIInterfaceOrientationLandscapeLeft UIInterfaceOrientationLandscapeRight";
				LD_RUNPATH_SEARCH_PATHS = (
					"$(inherited)",
					"@executable_path/Frameworks",
				);
				MARKETING_VERSION = 1.0;
				PRODUCT_BUNDLE_IDENTIFIER = com.nuios.WanderlustAppiOS;
				PRODUCT_NAME = "$(TARGET_NAME)";
				SWIFT_EMIT_LOC_STRINGS = YES;
				SWIFT_VERSION = 5.0;
				TARGETED_DEVICE_FAMILY = "1,2";
			};
			name = Debug;
		};
		A54243692BAE3C5900189102 /* Release */ = {
			isa = XCBuildConfiguration;
			buildSettings = {
				ASSETCATALOG_COMPILER_APPICON_NAME = AppIcon;
				ASSETCATALOG_COMPILER_GLOBAL_ACCENT_COLOR_NAME = AccentColor;
				CODE_SIGN_STYLE = Automatic;
				CURRENT_PROJECT_VERSION = 1;
				DEVELOPMENT_TEAM = R44B54UB9C;
				GENERATE_INFOPLIST_FILE = YES;
				INFOPLIST_FILE = WanderlustAppiOS/Info.plist;
				INFOPLIST_KEY_UIApplicationSupportsIndirectInputEvents = YES;
				INFOPLIST_KEY_UILaunchStoryboardName = LaunchScreen;
				INFOPLIST_KEY_UIMainStoryboardFile = Main;
				INFOPLIST_KEY_UISupportedInterfaceOrientations_iPad = "UIInterfaceOrientationPortrait UIInterfaceOrientationPortraitUpsideDown UIInterfaceOrientationLandscapeLeft UIInterfaceOrientationLandscapeRight";
				INFOPLIST_KEY_UISupportedInterfaceOrientations_iPhone = "UIInterfaceOrientationPortrait UIInterfaceOrientationLandscapeLeft UIInterfaceOrientationLandscapeRight";
				LD_RUNPATH_SEARCH_PATHS = (
					"$(inherited)",
					"@executable_path/Frameworks",
				);
				MARKETING_VERSION = 1.0;
				PRODUCT_BUNDLE_IDENTIFIER = com.nuios.WanderlustAppiOS;
				PRODUCT_NAME = "$(TARGET_NAME)";
				SWIFT_EMIT_LOC_STRINGS = YES;
				SWIFT_VERSION = 5.0;
				TARGETED_DEVICE_FAMILY = "1,2";
			};
			name = Release;
		};
/* End XCBuildConfiguration section */

/* Begin XCConfigurationList section */
		A542434E2BAE3C5700189102 /* Build configuration list for PBXProject "WanderlustAppiOS" */ = {
			isa = XCConfigurationList;
			buildConfigurations = (
				A54243652BAE3C5900189102 /* Debug */,
				A54243662BAE3C5900189102 /* Release */,
			);
			defaultConfigurationIsVisible = 0;
			defaultConfigurationName = Release;
		};
		A54243672BAE3C5900189102 /* Build configuration list for PBXNativeTarget "WanderlustAppiOS" */ = {
			isa = XCConfigurationList;
			buildConfigurations = (
				A54243682BAE3C5900189102 /* Debug */,
				A54243692BAE3C5900189102 /* Release */,
			);
			defaultConfigurationIsVisible = 0;
			defaultConfigurationName = Release;
		};
/* End XCConfigurationList section */

/* Begin XCRemoteSwiftPackageReference section */
		A572D0152BC632E7009DD2E5 /* XCRemoteSwiftPackageReference "firebase-ios-sdk" */ = {
			isa = XCRemoteSwiftPackageReference;
			repositoryURL = "https://github.com/firebase/firebase-ios-sdk.git";
			requirement = {
				kind = upToNextMajorVersion;
				minimumVersion = 10.24.0;
			};
		};
/* End XCRemoteSwiftPackageReference section */

/* Begin XCSwiftPackageProductDependency section */
		A572D0162BC632E7009DD2E5 /* FirebaseAuth */ = {
			isa = XCSwiftPackageProductDependency;
			package = A572D0152BC632E7009DD2E5 /* XCRemoteSwiftPackageReference "firebase-ios-sdk" */;
			productName = FirebaseAuth;
		};
		A572D0182BC632E7009DD2E5 /* FirebaseFirestore */ = {
			isa = XCSwiftPackageProductDependency;
			package = A572D0152BC632E7009DD2E5 /* XCRemoteSwiftPackageReference "firebase-ios-sdk" */;
			productName = FirebaseFirestore;
		};
		A572D01A2BC632E7009DD2E5 /* FirebaseFirestoreSwift */ = {
			isa = XCSwiftPackageProductDependency;
			package = A572D0152BC632E7009DD2E5 /* XCRemoteSwiftPackageReference "firebase-ios-sdk" */;
			productName = FirebaseFirestoreSwift;
		};
		A572D01C2BC632E7009DD2E5 /* FirebaseStorage */ = {
			isa = XCSwiftPackageProductDependency;
			package = A572D0152BC632E7009DD2E5 /* XCRemoteSwiftPackageReference "firebase-ios-sdk" */;
			productName = FirebaseStorage;
		};
/* End XCSwiftPackageProductDependency section */
	};
	rootObject = A542434B2BAE3C5700189102 /* Project object */;
}
